
Microsoft Visual Studio Solution File, Format Version 12.00
# Visual Studio Version 16
VisualStudioVersion = 16.0.29609.76
MinimumVisualStudioVersion = 10.0.40219.1
Project("{FAE04EC0-301F-11D3-BF4B-00C04F79EFBC}") = "AppendQuoteToFile", "AppendQuoteToFile.csproj", "{8924FF68-940A-4AAE-B315-4223949D4317}"
EndProject
Global
	GlobalSection(SolutionConfigurationPlatforms) = preSolution
		Debug|Any CPU = Debug|Any CPU
		Release|Any CPU = Release|Any CPU
	EndGlobalSection
	GlobalSection(ProjectConfigurationPlatforms) = postSolution
		{8924FF68-940A-4AAE-B315-4223949D4317}.Debug|Any CPU.ActiveCfg = Debug|Any CPU
		{8924FF68-940A-4AAE-B315-4223949D4317}.Debug|Any CPU.Build.0 = Debug|Any CPU
		{8924FF68-940A-4AAE-B315-4223949D4317}.Release|Any CPU.ActiveCfg = Release|Any CPU
		{8924FF68-940A-4AAE-B315-4223949D4317}.Release|Any CPU.Build.0 = Release|Any CPU
	EndGlobalSection
	GlobalSection(SolutionProperties) = preSolution
		HideSolutionNode = FALSE
	EndGlobalSection
	GlobalSection(ExtensibilityGlobals) = postSolution
		SolutionGuid = {262E3E80-D777-46DF-A401-CBB43382C6F5}
	EndGlobalSection
EndGlobal
